<?xml version="1.0" encoding="utf-8"?>
<Project ToolsVersion="4.0" xmlns="http://schemas.microsoft.com/developer/msbuild/2003">
  <ItemGroup>
    <Filter Include="소스 파일">
      <UniqueIdentifier>{4FC737F1-C7A5-4376-A066-2A32D752A2FF}</UniqueIdentifier>
      <Extensions>cpp;c;cc;cxx;c++;cppm;ixx;def;odl;idl;hpj;bat;asm;asmx</Extensions>
    </Filter>
    <Filter Include="헤더 파일">
      <UniqueIdentifier>{93995380-89BD-4b04-88EB-625FBE52EBFB}</UniqueIdentifier>
      <Extensions>h;hh;hpp;hxx;h++;hm;inl;inc;ipp;xsd</Extensions>
    </Filter>
    <Filter Include="리소스 파일">
      <UniqueIdentifier>{67DA6AB6-F800-4c08-8B7A-83BB121AAD01}</UniqueIdentifier>
      <Extensions>rc;ico;cur;bmp;dlg;rc2;rct;bin;rgs;gif;jpg;jpeg;jpe;resx;tiff;tif;png;wav;mfcribbon-ms</Extensions>
    </Filter>
    <Filter Include="소스 파일\Scene">
      <UniqueIdentifier>{58f7362f-a8ed-4cca-b461-64f256e66855}</UniqueIdentifier>
    </Filter>
    <Filter Include="소스 파일\Object">
      <UniqueIdentifier>{30c0b720-d4ef-446c-a4f3-a5061d036d2c}</UniqueIdentifier>
    </Filter>
    <Filter Include="소스 파일\Key">
      <UniqueIdentifier>{9a7974a6-4a15-4990-955b-ec6de3a5fb03}</UniqueIdentifier>
    </Filter>
    <Filter Include="소스 파일\BMP">
      <UniqueIdentifier>{78314c08-ad21-4942-b71d-edbd0bbbdac4}</UniqueIdentifier>
    </Filter>
    <Filter Include="소스 파일\Default">
      <UniqueIdentifier>{ea105a72-29c8-4a0e-8b4a-dcace158e212}</UniqueIdentifier>
    </Filter>
  </ItemGroup>
  <ItemGroup>
    <ClInclude Include="MainGame.h">
      <Filter>헤더 파일</Filter>
    </ClInclude>
    <ClInclude Include="define.h">
      <Filter>헤더 파일</Filter>
    </ClInclude>
    <ClInclude Include="enum.h">
      <Filter>헤더 파일</Filter>
    </ClInclude>
    <ClInclude Include="BmpManager.h">
      <Filter>소스 파일\BMP</Filter>
    </ClInclude>
    <ClInclude Include="Bmp.h">
      <Filter>소스 파일\BMP</Filter>
    </ClInclude>
    <ClInclude Include="GameObject.h">
      <Filter>소스 파일\Object</Filter>
    </ClInclude>
    <ClInclude Include="Player.h">
      <Filter>소스 파일\Object</Filter>
    </ClInclude>
    <ClInclude Include="ObjectManager.h">
      <Filter>소스 파일\Object</Filter>
    </ClInclude>
    <ClInclude Include="SceneManager.h">
      <Filter>소스 파일\Scene</Filter>
    </ClInclude>
    <ClInclude Include="Scene.h">
      <Filter>소스 파일\Scene</Filter>
    </ClInclude>
    <ClInclude Include="Stage1.h">
      <Filter>소스 파일\Scene</Filter>
    </ClInclude>
    <ClInclude Include="WaterBalloon.h">
      <Filter>소스 파일\Object</Filter>
    </ClInclude>
    <ClInclude Include="KeyManager.h">
      <Filter>소스 파일\Key</Filter>
    </ClInclude>
    <ClInclude Include="targetver.h">
      <Filter>소스 파일\Default</Filter>
    </ClInclude>
    <ClInclude Include="Resource.h">
      <Filter>소스 파일\Default</Filter>
    </ClInclude>
    <ClInclude Include="CRAZYARCADE.h">
      <Filter>소스 파일\Default</Filter>
    </ClInclude>
    <ClInclude Include="framework.h">
      <Filter>소스 파일\Default</Filter>
    </ClInclude>
  </ItemGroup>
  <ItemGroup>
    <ClCompile Include="CRAZYARCADE.cpp">
      <Filter>소스 파일</Filter>
    </ClCompile>
    <ClCompile Include="MainGame.cpp">
      <Filter>소스 파일</Filter>
    </ClCompile>
    <ClCompile Include="Bmp.cpp">
      <Filter>소스 파일\BMP</Filter>
    </ClCompile>
    <ClCompile Include="BmpManager.cpp">
      <Filter>소스 파일\BMP</Filter>
    </ClCompile>
    <ClCompile Include="GameObject.cpp">
      <Filter>소스 파일\Object</Filter>
    </ClCompile>
    <ClCompile Include="Player.cpp">
      <Filter>소스 파일\Object</Filter>
    </ClCompile>
    <ClCompile Include="Scene.cpp">
      <Filter>소스 파일\Scene</Filter>
    </ClCompile>
    <ClCompile Include="Stage1.cpp">
      <Filter>소스 파일\Scene</Filter>
    </ClCompile>
    <ClCompile Include="WaterBalloon.cpp">
      <Filter>소스 파일\Object</Filter>
    </ClCompile>
    <ClCompile Include="ObjectManager.cpp">
      <Filter>소스 파일\Object</Filter>
    </ClCompile>
    <ClCompile Include="SceneManager.cpp">
      <Filter>소스 파일\Scene</Filter>
    </ClCompile>
    <ClCompile Include="KeyManager.cpp">
      <Filter>소스 파일\Key</Filter>
    </ClCompile>
  </ItemGroup>
  <ItemGroup>
    <ResourceCompile Include="CRAZYARCADE.rc">
      <Filter>리소스 파일</Filter>
    </ResourceCompile>
  </ItemGroup>
  <ItemGroup>
    <Image Include="small.ico">
      <Filter>리소스 파일</Filter>
    </Image>
    <Image Include="CRAZYARCADE.ico">
      <Filter>리소스 파일</Filter>
    </Image>
  </ItemGroup>
</Project>